github.com/creachadair/atomicfile v0.3.5 h1:i93bxeaH/rQR6XfJslola3XkOM1nEP3eIexuk9SWcSc=
github.com/creachadair/atomicfile v0.3.5/go.mod h1:m7kIY2OUMygtETnMYe141rubsG4b+EusFLinlxxdHYM=
github.com/creachadair/command v0.1.15 h1:ut7OVTGYv5RMqOHJvrmSCtsS8UBzU9tXgQYLdAPZPho=
github.com/creachadair/command v0.1.15/go.mod h1:JyiZVgQzhzPWa8DdE6Hfl+IOi7DMpXToBEvQCQoST7c=
github.com/creachadair/mds v0.17.1 h1:lXQbTGKmb3nE3aK6OEp29L1gCx6B5ynzlQ6c1KOBurc=
github.com/creachadair/mds v0.17.1/go.mod h1:4b//mUiL8YldH6TImXjmW45myzTLNS1LLjOmrk888eg=
github.com/google/go-cmp v0.6.0 h1:ofyhxvXcZhMsU5ulbFiLKl/XBFqE1GSq7atu8tAmTRI=
github.com/google/go-cmp v0.6.0/go.mod h1:17dUlkBOakJ0+DkrSSNjCkIjxS6bF9zb3elmeNGIjoY=
