github.com/creachadair/atomicfile v0.3.1 h1:yQORkHjSYySh/tv5th1dkKcn02NEW5JleB84sjt+W4Q=
github.com/creachadair/atomicfile v0.3.1/go.mod h1:mwfrkRxFKwpNAflYZzytbSwxvbK6fdGRRlp0KEQc0qU=
github.com/creachadair/command v0.0.7 h1:zGh+8wKONrWv9KN8XaISN4SwO1wNix0amIoB5pn8890=
github.com/creachadair/command v0.0.7/go.mod h1:yIUMnyAYSHyN8csAKBlfms3UnvEJywfHvm2xwTKKte4=
github.com/google/go-cmp v0.5.9 h1:O2Tfq5qg4qc4AmwVlvv0oLiVAGB7enBSJ2x2DqQFi38=
github.com/google/go-cmp v0.5.9/go.mod h1:17dUlkBOakJ0+DkrSSNjCkIjxS6bF9zb3elmeNGIjoY=
